// !$*UTF8*$!
{
	archiveVersion = 1;
	classes = {
	};
	objectVersion = 48;
	objects = {

/* Begin PBXBuildFile section */
		2FD310063F6282D5037FCF35 /* Pods_HealthKitDemo.framework in Frameworks */ = {isa = PBXBuildFile; fileRef = D1E3CF18D4230BCD83EB337F /* Pods_HealthKitDemo.framework */; };
		46131A1A208DEF1B005FB331 /* AppDelegate.swift in Sources */ = {isa = PBXBuildFile; fileRef = 46131A19208DEF1B005FB331 /* AppDelegate.swift */; };
		46131A1C208DEF1B005FB331 /* ViewController.swift in Sources */ = {isa = PBXBuildFile; fileRef = 46131A1B208DEF1B005FB331 /* ViewController.swift */; };
		46131A1F208DEF1B005FB331 /* Main.storyboard in Resources */ = {isa = PBXBuildFile; fileRef = 46131A1D208DEF1B005FB331 /* Main.storyboard */; };
		46131A21208DEF1D005FB331 /* Assets.xcassets in Resources */ = {isa = PBXBuildFile; fileRef = 46131A20208DEF1D005FB331 /* Assets.xcassets */; };
		46131A24208DEF1D005FB331 /* LaunchScreen.storyboard in Resources */ = {isa = PBXBuildFile; fileRef = 46131A22208DEF1D005FB331 /* LaunchScreen.storyboard */; };
		46131A2D208DF28C005FB331 /* HealthKit.framework in Frameworks */ = {isa = PBXBuildFile; fileRef = 46131A2C208DF28B005FB331 /* HealthKit.framework */; };
		46131A31208DF34E005FB331 /* HealthManager.swift in Sources */ = {isa = PBXBuildFile; fileRef = 46131A30208DF34E005FB331 /* HealthManager.swift */; };
		46153626208F32A7005FA296 /* HealthKit.framework in Frameworks */ = {isa = PBXBuildFile; fileRef = 46153625208F32A7005FA296 /* HealthKit.framework */; };
		46153628208F3622005FA296 /* FirebaseManager.swift in Sources */ = {isa = PBXBuildFile; fileRef = 46153627208F3622005FA296 /* FirebaseManager.swift */; };
		46266A6A208E36B0005912ED /* Interface.storyboard in Resources */ = {isa = PBXBuildFile; fileRef = 46266A68208E36B0005912ED /* Interface.storyboard */; };
		46266A6C208E36B1005912ED /* Assets.xcassets in Resources */ = {isa = PBXBuildFile; fileRef = 46266A6B208E36B1005912ED /* Assets.xcassets */; };
		46266A73208E36B1005912ED /* HKDemo Extension.appex in Embed App Extensions */ = {isa = PBXBuildFile; fileRef = 46266A72208E36B1005912ED /* HKDemo Extension.appex */; settings = {ATTRIBUTES = (RemoveHeadersOnCopy, ); }; };
		46266A78208E36B1005912ED /* InterfaceController.swift in Sources */ = {isa = PBXBuildFile; fileRef = 46266A77208E36B1005912ED /* InterfaceController.swift */; };
		46266A7A208E36B1005912ED /* ExtensionDelegate.swift in Sources */ = {isa = PBXBuildFile; fileRef = 46266A79208E36B1005912ED /* ExtensionDelegate.swift */; };
		46266A7C208E36B1005912ED /* NotificationController.swift in Sources */ = {isa = PBXBuildFile; fileRef = 46266A7B208E36B1005912ED /* NotificationController.swift */; };
		46266A7E208E36B2005912ED /* Assets.xcassets in Resources */ = {isa = PBXBuildFile; fileRef = 46266A7D208E36B2005912ED /* Assets.xcassets */; };
		46266A83208E36B2005912ED /* HKDemo.app in Embed Watch Content */ = {isa = PBXBuildFile; fileRef = 46266A66208E36B0005912ED /* HKDemo.app */; };
		46682CC9208F406800A4F11B /* ModelFile.swift in Sources */ = {isa = PBXBuildFile; fileRef = 46682CC8208F406800A4F11B /* ModelFile.swift */; };
		46F1A416208F2EA300DCA37D /* GoogleService-Info.plist in Resources */ = {isa = PBXBuildFile; fileRef = 46F1A415208F2EA300DCA37D /* GoogleService-Info.plist */; };
		892A0B2483C5316351DC22D0 /* Pods_HKDemo.framework in Frameworks */ = {isa = PBXBuildFile; fileRef = 5C50E9BC9047241E85E6C8A7 /* Pods_HKDemo.framework */; };
		CF0C039EE47C2EE4008A75C6 /* Pods_HKDemo_Extension.framework in Frameworks */ = {isa = PBXBuildFile; fileRef = AE7912CFA5EECCD6993C070C /* Pods_HKDemo_Extension.framework */; };
/* End PBXBuildFile section */

/* Begin PBXContainerItemProxy section */
		46266A74208E36B1005912ED /* PBXContainerItemProxy */ = {
			isa = PBXContainerItemProxy;
			containerPortal = 46131A0E208DEF1B005FB331 /* Project object */;
			proxyType = 1;
			remoteGlobalIDString = 46266A71208E36B1005912ED;
			remoteInfo = "HKDemo Extension";
		};
		46266A81208E36B2005912ED /* PBXContainerItemProxy */ = {
			isa = PBXContainerItemProxy;
			containerPortal = 46131A0E208DEF1B005FB331 /* Project object */;
			proxyType = 1;
			remoteGlobalIDString = 46266A65208E36B0005912ED;
			remoteInfo = HKDemo;
		};
/* End PBXContainerItemProxy section */

/* Begin PBXCopyFilesBuildPhase section */
		46266A89208E36B2005912ED /* Embed App Extensions */ = {
			isa = PBXCopyFilesBuildPhase;
			buildActionMask = 2147483647;
			dstPath = "";
			dstSubfolderSpec = 13;
			files = (
				46266A73208E36B1005912ED /* HKDemo Extension.appex in Embed App Extensions */,
			);
			name = "Embed App Extensions";
			runOnlyForDeploymentPostprocessing = 0;
		};
		46266A8B208E36B2005912ED /* Embed Watch Content */ = {
			isa = PBXCopyFilesBuildPhase;
			buildActionMask = 2147483647;
			dstPath = "$(CONTENTS_FOLDER_PATH)/Watch";
			dstSubfolderSpec = 16;
			files = (
				46266A83208E36B2005912ED /* HKDemo.app in Embed Watch Content */,
			);
			name = "Embed Watch Content";
			runOnlyForDeploymentPostprocessing = 0;
		};
/* End PBXCopyFilesBuildPhase section */

/* Begin PBXFileReference section */
		039E4AA505995445EA0FB111 /* Pods-HKDemo Extension.debug.xcconfig */ = {isa = PBXFileReference; includeInIndex = 1; lastKnownFileType = text.xcconfig; name = "Pods-HKDemo Extension.debug.xcconfig"; path = "Pods/Target Support Files/Pods-HKDemo Extension/Pods-HKDemo Extension.debug.xcconfig"; sourceTree = "<group>"; };
		24221E0B74ABAACF922121C4 /* Pods-HKDemo Extension.release.xcconfig */ = {isa = PBXFileReference; includeInIndex = 1; lastKnownFileType = text.xcconfig; name = "Pods-HKDemo Extension.release.xcconfig"; path = "Pods/Target Support Files/Pods-HKDemo Extension/Pods-HKDemo Extension.release.xcconfig"; sourceTree = "<group>"; };
		46131A16208DEF1B005FB331 /* HealthKitDemo.app */ = {isa = PBXFileReference; explicitFileType = wrapper.application; includeInIndex = 0; path = HealthKitDemo.app; sourceTree = BUILT_PRODUCTS_DIR; };
		46131A19208DEF1B005FB331 /* AppDelegate.swift */ = {isa = PBXFileReference; lastKnownFileType = sourcecode.swift; path = AppDelegate.swift; sourceTree = "<group>"; };
		46131A1B208DEF1B005FB331 /* ViewController.swift */ = {isa = PBXFileReference; lastKnownFileType = sourcecode.swift; path = ViewController.swift; sourceTree = "<group>"; };
		46131A1E208DEF1B005FB331 /* Base */ = {isa = PBXFileReference; lastKnownFileType = file.storyboard; name = Base; path = Base.lproj/Main.storyboard; sourceTree = "<group>"; };
		46131A20208DEF1D005FB331 /* Assets.xcassets */ = {isa = PBXFileReference; lastKnownFileType = folder.assetcatalog; path = Assets.xcassets; sourceTree = "<group>"; };
		46131A23208DEF1D005FB331 /* Base */ = {isa = PBXFileReference; lastKnownFileType = file.storyboard; name = Base; path = Base.lproj/LaunchScreen.storyboard; sourceTree = "<group>"; };
		46131A25208DEF1D005FB331 /* Info.plist */ = {isa = PBXFileReference; lastKnownFileType = text.plist.xml; path = Info.plist; sourceTree = "<group>"; };
		46131A2C208DF28B005FB331 /* HealthKit.framework */ = {isa = PBXFileReference; lastKnownFileType = wrapper.framework; name = HealthKit.framework; path = System/Library/Frameworks/HealthKit.framework; sourceTree = SDKROOT; };
		46131A2E208DF28C005FB331 /* HealthKitDemo.entitlements */ = {isa = PBXFileReference; lastKnownFileType = text.plist.entitlements; path = HealthKitDemo.entitlements; sourceTree = "<group>"; };
		46131A30208DF34E005FB331 /* HealthManager.swift */ = {isa = PBXFileReference; lastKnownFileType = sourcecode.swift; path = HealthManager.swift; sourceTree = "<group>"; };
		46153625208F32A7005FA296 /* HealthKit.framework */ = {isa = PBXFileReference; lastKnownFileType = wrapper.framework; name = HealthKit.framework; path = Platforms/WatchOS.platform/Developer/SDKs/WatchOS4.3.sdk/System/Library/Frameworks/HealthKit.framework; sourceTree = DEVELOPER_DIR; };
		46153627208F3622005FA296 /* FirebaseManager.swift */ = {isa = PBXFileReference; lastKnownFileType = sourcecode.swift; path = FirebaseManager.swift; sourceTree = "<group>"; };
		46266A66208E36B0005912ED /* HKDemo.app */ = {isa = PBXFileReference; explicitFileType = wrapper.application; includeInIndex = 0; path = HKDemo.app; sourceTree = BUILT_PRODUCTS_DIR; };
		46266A69208E36B0005912ED /* Base */ = {isa = PBXFileReference; lastKnownFileType = file.storyboard; name = Base; path = Base.lproj/Interface.storyboard; sourceTree = "<group>"; };
		46266A6B208E36B1005912ED /* Assets.xcassets */ = {isa = PBXFileReference; lastKnownFileType = folder.assetcatalog; path = Assets.xcassets; sourceTree = "<group>"; };
		46266A6D208E36B1005912ED /* Info.plist */ = {isa = PBXFileReference; lastKnownFileType = text.plist.xml; path = Info.plist; sourceTree = "<group>"; };
		46266A72208E36B1005912ED /* HKDemo Extension.appex */ = {isa = PBXFileReference; explicitFileType = "wrapper.app-extension"; includeInIndex = 0; path = "HKDemo Extension.appex"; sourceTree = BUILT_PRODUCTS_DIR; };
		46266A77208E36B1005912ED /* InterfaceController.swift */ = {isa = PBXFileReference; lastKnownFileType = sourcecode.swift; path = InterfaceController.swift; sourceTree = "<group>"; };
		46266A79208E36B1005912ED /* ExtensionDelegate.swift */ = {isa = PBXFileReference; lastKnownFileType = sourcecode.swift; path = ExtensionDelegate.swift; sourceTree = "<group>"; };
		46266A7B208E36B1005912ED /* NotificationController.swift */ = {isa = PBXFileReference; lastKnownFileType = sourcecode.swift; path = NotificationController.swift; sourceTree = "<group>"; };
		46266A7D208E36B2005912ED /* Assets.xcassets */ = {isa = PBXFileReference; lastKnownFileType = folder.assetcatalog; path = Assets.xcassets; sourceTree = "<group>"; };
		46266A7F208E36B2005912ED /* Info.plist */ = {isa = PBXFileReference; lastKnownFileType = text.plist.xml; path = Info.plist; sourceTree = "<group>"; };
		46266A80208E36B2005912ED /* PushNotificationPayload.apns */ = {isa = PBXFileReference; lastKnownFileType = text; path = PushNotificationPayload.apns; sourceTree = "<group>"; };
		46682CC8208F406800A4F11B /* ModelFile.swift */ = {isa = PBXFileReference; lastKnownFileType = sourcecode.swift; path = ModelFile.swift; sourceTree = "<group>"; };
		46F1A414208EF6EC00DCA37D /* HKDemo Extension.entitlements */ = {isa = PBXFileReference; lastKnownFileType = text.plist.entitlements; name = "HKDemo Extension.entitlements"; path = "HKDemo Extension/HKDemo Extension.entitlements"; sourceTree = SOURCE_ROOT; };
		46F1A415208F2EA300DCA37D /* GoogleService-Info.plist */ = {isa = PBXFileReference; fileEncoding = 4; lastKnownFileType = text.plist.xml; path = "GoogleService-Info.plist"; sourceTree = "<group>"; };
		5C50E9BC9047241E85E6C8A7 /* Pods_HKDemo.framework */ = {isa = PBXFileReference; explicitFileType = wrapper.framework; includeInIndex = 0; path = Pods_HKDemo.framework; sourceTree = BUILT_PRODUCTS_DIR; };
		5F1241D9F43D1F0C2B663FED /* Pods-HealthKitDemo.release.xcconfig */ = {isa = PBXFileReference; includeInIndex = 1; lastKnownFileType = text.xcconfig; name = "Pods-HealthKitDemo.release.xcconfig"; path = "Pods/Target Support Files/Pods-HealthKitDemo/Pods-HealthKitDemo.release.xcconfig"; sourceTree = "<group>"; };
		81CA09F430E3C7B2EC53C82F /* Pods-HKDemo.release.xcconfig */ = {isa = PBXFileReference; includeInIndex = 1; lastKnownFileType = text.xcconfig; name = "Pods-HKDemo.release.xcconfig"; path = "Pods/Target Support Files/Pods-HKDemo/Pods-HKDemo.release.xcconfig"; sourceTree = "<group>"; };
		AE7912CFA5EECCD6993C070C /* Pods_HKDemo_Extension.framework */ = {isa = PBXFileReference; explicitFileType = wrapper.framework; includeInIndex = 0; path = Pods_HKDemo_Extension.framework; sourceTree = BUILT_PRODUCTS_DIR; };
		BF49B97DED2D92F5C5958A15 /* Pods-HKDemo.debug.xcconfig */ = {isa = PBXFileReference; includeInIndex = 1; lastKnownFileType = text.xcconfig; name = "Pods-HKDemo.debug.xcconfig"; path = "Pods/Target Support Files/Pods-HKDemo/Pods-HKDemo.debug.xcconfig"; sourceTree = "<group>"; };
		D17671894B16EAEE7ECE502C /* Pods-HealthKitDemo.debug.xcconfig */ = {isa = PBXFileReference; includeInIndex = 1; lastKnownFileType = text.xcconfig; name = "Pods-HealthKitDemo.debug.xcconfig"; path = "Pods/Target Support Files/Pods-HealthKitDemo/Pods-HealthKitDemo.debug.xcconfig"; sourceTree = "<group>"; };
		D1E3CF18D4230BCD83EB337F /* Pods_HealthKitDemo.framework */ = {isa = PBXFileReference; explicitFileType = wrapper.framework; includeInIndex = 0; path = Pods_HealthKitDemo.framework; sourceTree = BUILT_PRODUCTS_DIR; };
/* End PBXFileReference section */

/* Begin PBXFrameworksBuildPhase section */
		46131A13208DEF1B005FB331 /* Frameworks */ = {
			isa = PBXFrameworksBuildPhase;
			buildActionMask = 2147483647;
			files = (
				46131A2D208DF28C005FB331 /* HealthKit.framework in Frameworks */,
				2FD310063F6282D5037FCF35 /* Pods_HealthKitDemo.framework in Frameworks */,
			);
			runOnlyForDeploymentPostprocessing = 0;
		};
		46266A6F208E36B1005912ED /* Frameworks */ = {
			isa = PBXFrameworksBuildPhase;
			buildActionMask = 2147483647;
			files = (
				CF0C039EE47C2EE4008A75C6 /* Pods_HKDemo_Extension.framework in Frameworks */,
				46153626208F32A7005FA296 /* HealthKit.framework in Frameworks */,
			);
			runOnlyForDeploymentPostprocessing = 0;
		};
		4BFF2AECEA75D0401DD72CDE /* Frameworks */ = {
			isa = PBXFrameworksBuildPhase;
			buildActionMask = 2147483647;
			files = (
				892A0B2483C5316351DC22D0 /* Pods_HKDemo.framework in Frameworks */,
			);
			runOnlyForDeploymentPostprocessing = 0;
		};
/* End PBXFrameworksBuildPhase section */

/* Begin PBXGroup section */
		46131A0D208DEF1B005FB331 = {
			isa = PBXGroup;
			children = (
				46131A18208DEF1B005FB331 /* HealthKitDemo */,
				46266A67208E36B0005912ED /* HKDemo */,
				46266A76208E36B1005912ED /* HKDemo Extension */,
				46131A17208DEF1B005FB331 /* Products */,
				46131A2B208DF28B005FB331 /* Frameworks */,
				8A4AF25A024B1CA51D16A86D /* Pods */,
			);
			sourceTree = "<group>";
		};
		46131A17208DEF1B005FB331 /* Products */ = {
			isa = PBXGroup;
			children = (
				46131A16208DEF1B005FB331 /* HealthKitDemo.app */,
				46266A66208E36B0005912ED /* HKDemo.app */,
				46266A72208E36B1005912ED /* HKDemo Extension.appex */,
			);
			name = Products;
			sourceTree = "<group>";
		};
		46131A18208DEF1B005FB331 /* HealthKitDemo */ = {
			isa = PBXGroup;
			children = (
				46F1A415208F2EA300DCA37D /* GoogleService-Info.plist */,
				46131A2F208DF2A8005FB331 /* HealthManager */,
				46131A2E208DF28C005FB331 /* HealthKitDemo.entitlements */,
				46131A19208DEF1B005FB331 /* AppDelegate.swift */,
				46131A1B208DEF1B005FB331 /* ViewController.swift */,
				46131A1D208DEF1B005FB331 /* Main.storyboard */,
				46131A20208DEF1D005FB331 /* Assets.xcassets */,
				46131A22208DEF1D005FB331 /* LaunchScreen.storyboard */,
				46131A25208DEF1D005FB331 /* Info.plist */,
				46153627208F3622005FA296 /* FirebaseManager.swift */,
				46682CC8208F406800A4F11B /* ModelFile.swift */,
			);
			path = HealthKitDemo;
			sourceTree = "<group>";
		};
		46131A2B208DF28B005FB331 /* Frameworks */ = {
			isa = PBXGroup;
			children = (
				46153625208F32A7005FA296 /* HealthKit.framework */,
				46131A2C208DF28B005FB331 /* HealthKit.framework */,
				5C50E9BC9047241E85E6C8A7 /* Pods_HKDemo.framework */,
				AE7912CFA5EECCD6993C070C /* Pods_HKDemo_Extension.framework */,
				D1E3CF18D4230BCD83EB337F /* Pods_HealthKitDemo.framework */,
			);
			name = Frameworks;
			sourceTree = "<group>";
		};
		46131A2F208DF2A8005FB331 /* HealthManager */ = {
			isa = PBXGroup;
			children = (
				46131A30208DF34E005FB331 /* HealthManager.swift */,
			);
			path = HealthManager;
			sourceTree = "<group>";
		};
		46266A67208E36B0005912ED /* HKDemo */ = {
			isa = PBXGroup;
			children = (
				46F1A414208EF6EC00DCA37D /* HKDemo Extension.entitlements */,
				46266A68208E36B0005912ED /* Interface.storyboard */,
				46266A6B208E36B1005912ED /* Assets.xcassets */,
				46266A6D208E36B1005912ED /* Info.plist */,
			);
			path = HKDemo;
			sourceTree = "<group>";
		};
		46266A76208E36B1005912ED /* HKDemo Extension */ = {
			isa = PBXGroup;
			children = (
				46266A77208E36B1005912ED /* InterfaceController.swift */,
				46266A79208E36B1005912ED /* ExtensionDelegate.swift */,
				46266A7B208E36B1005912ED /* NotificationController.swift */,
				46266A7D208E36B2005912ED /* Assets.xcassets */,
				46266A7F208E36B2005912ED /* Info.plist */,
				46266A80208E36B2005912ED /* PushNotificationPayload.apns */,
			);
			path = "HKDemo Extension";
			sourceTree = "<group>";
		};
		8A4AF25A024B1CA51D16A86D /* Pods */ = {
			isa = PBXGroup;
			children = (
				BF49B97DED2D92F5C5958A15 /* Pods-HKDemo.debug.xcconfig */,
				81CA09F430E3C7B2EC53C82F /* Pods-HKDemo.release.xcconfig */,
				039E4AA505995445EA0FB111 /* Pods-HKDemo Extension.debug.xcconfig */,
				24221E0B74ABAACF922121C4 /* Pods-HKDemo Extension.release.xcconfig */,
				D17671894B16EAEE7ECE502C /* Pods-HealthKitDemo.debug.xcconfig */,
				5F1241D9F43D1F0C2B663FED /* Pods-HealthKitDemo.release.xcconfig */,
			);
			name = Pods;
			sourceTree = "<group>";
		};
/* End PBXGroup section */

/* Begin PBXNativeTarget section */
		46131A15208DEF1B005FB331 /* HealthKitDemo */ = {
			isa = PBXNativeTarget;
			buildConfigurationList = 46131A28208DEF1D005FB331 /* Build configuration list for PBXNativeTarget "HealthKitDemo" */;
			buildPhases = (
				50629AE8D1956B2DC27F031A /* [CP] Check Pods Manifest.lock */,
				46131A12208DEF1B005FB331 /* Sources */,
				46131A13208DEF1B005FB331 /* Frameworks */,
				46131A14208DEF1B005FB331 /* Resources */,
				46266A8B208E36B2005912ED /* Embed Watch Content */,
				6919B3693972F1E9EA6CBC2D /* [CP] Embed Pods Frameworks */,
				59926D19BB896E7B83679B98 /* [CP] Copy Pods Resources */,
			);
			buildRules = (
			);
			dependencies = (
				46266A82208E36B2005912ED /* PBXTargetDependency */,
			);
			name = HealthKitDemo;
			productName = HealthKitDemo;
			productReference = 46131A16208DEF1B005FB331 /* HealthKitDemo.app */;
			productType = "com.apple.product-type.application";
		};
		46266A65208E36B0005912ED /* HKDemo */ = {
			isa = PBXNativeTarget;
			buildConfigurationList = 46266A8A208E36B2005912ED /* Build configuration list for PBXNativeTarget "HKDemo" */;
			buildPhases = (
				876FCB1E6AB13F34D497B1CD /* [CP] Check Pods Manifest.lock */,
				46266A64208E36B0005912ED /* Resources */,
				46266A89208E36B2005912ED /* Embed App Extensions */,
				4BFF2AECEA75D0401DD72CDE /* Frameworks */,
				0506509E2DE7156B9D38531D /* [CP] Copy Pods Resources */,
			);
			buildRules = (
			);
			dependencies = (
				46266A75208E36B1005912ED /* PBXTargetDependency */,
			);
			name = HKDemo;
			productName = HKDemo;
			productReference = 46266A66208E36B0005912ED /* HKDemo.app */;
			productType = "com.apple.product-type.application.watchapp2";
		};
		46266A71208E36B1005912ED /* HKDemo Extension */ = {
			isa = PBXNativeTarget;
			buildConfigurationList = 46266A88208E36B2005912ED /* Build configuration list for PBXNativeTarget "HKDemo Extension" */;
			buildPhases = (
				8F1575089F1EF5030B930A12 /* [CP] Check Pods Manifest.lock */,
				46266A6E208E36B1005912ED /* Sources */,
				46266A6F208E36B1005912ED /* Frameworks */,
				46266A70208E36B1005912ED /* Resources */,
				CB234C2C2E1F81F18181B1F2 /* [CP] Embed Pods Frameworks */,
				365ADBBEDF55B0F69D049A04 /* [CP] Copy Pods Resources */,
			);
			buildRules = (
			);
			dependencies = (
			);
			name = "HKDemo Extension";
			productName = "HKDemo Extension";
			productReference = 46266A72208E36B1005912ED /* HKDemo Extension.appex */;
			productType = "com.apple.product-type.watchkit2-extension";
		};
/* End PBXNativeTarget section */

/* Begin PBXProject section */
		46131A0E208DEF1B005FB331 /* Project object */ = {
			isa = PBXProject;
			attributes = {
				LastSwiftUpdateCheck = 0930;
				LastUpgradeCheck = 0930;
				ORGANIZATIONNAME = Nickelfox;
				TargetAttributes = {
					46131A15208DEF1B005FB331 = {
						CreatedOnToolsVersion = 9.3;
						ProvisioningStyle = Automatic;
						SystemCapabilities = {
							com.apple.HealthKit = {
								enabled = 1;
							};
						};
					};
					46266A65208E36B0005912ED = {
						CreatedOnToolsVersion = 9.3;
						ProvisioningStyle = Automatic;
					};
					46266A71208E36B1005912ED = {
						CreatedOnToolsVersion = 9.3;
						ProvisioningStyle = Automatic;
						SystemCapabilities = {
							com.apple.HealthKit.watchos = {
								enabled = 1;
							};
						};
					};
				};
			};
			buildConfigurationList = 46131A11208DEF1B005FB331 /* Build configuration list for PBXProject "HealthKitDemo" */;
			compatibilityVersion = "Xcode 8.0";
			developmentRegion = en;
			hasScannedForEncodings = 0;
			knownRegions = (
				en,
				Base,
			);
			mainGroup = 46131A0D208DEF1B005FB331;
			productRefGroup = 46131A17208DEF1B005FB331 /* Products */;
			projectDirPath = "";
			projectRoot = "";
			targets = (
				46131A15208DEF1B005FB331 /* HealthKitDemo */,
				46266A65208E36B0005912ED /* HKDemo */,
				46266A71208E36B1005912ED /* HKDemo Extension */,
			);
		};
/* End PBXProject section */

/* Begin PBXResourcesBuildPhase section */
		46131A14208DEF1B005FB331 /* Resources */ = {
			isa = PBXResourcesBuildPhase;
			buildActionMask = 2147483647;
			files = (
				46131A24208DEF1D005FB331 /* LaunchScreen.storyboard in Resources */,
				46F1A416208F2EA300DCA37D /* GoogleService-Info.plist in Resources */,
				46131A21208DEF1D005FB331 /* Assets.xcassets in Resources */,
				46131A1F208DEF1B005FB331 /* Main.storyboard in Resources */,
			);
			runOnlyForDeploymentPostprocessing = 0;
		};
		46266A64208E36B0005912ED /* Resources */ = {
			isa = PBXResourcesBuildPhase;
			buildActionMask = 2147483647;
			files = (
				46266A6C208E36B1005912ED /* Assets.xcassets in Resources */,
				46266A6A208E36B0005912ED /* Interface.storyboard in Resources */,
			);
			runOnlyForDeploymentPostprocessing = 0;
		};
		46266A70208E36B1005912ED /* Resources */ = {
			isa = PBXResourcesBuildPhase;
			buildActionMask = 2147483647;
			files = (
				46266A7E208E36B2005912ED /* Assets.xcassets in Resources */,
			);
			runOnlyForDeploymentPostprocessing = 0;
		};
/* End PBXResourcesBuildPhase section */

/* Begin PBXShellScriptBuildPhase section */
		0506509E2DE7156B9D38531D /* [CP] Copy Pods Resources */ = {
			isa = PBXShellScriptBuildPhase;
			buildActionMask = 2147483647;
			files = (
			);
			inputPaths = (
			);
			name = "[CP] Copy Pods Resources";
			outputPaths = (
			);
			runOnlyForDeploymentPostprocessing = 0;
			shellPath = /bin/sh;
			shellScript = "\"${SRCROOT}/Pods/Target Support Files/Pods-HKDemo/Pods-HKDemo-resources.sh\"\n";
			showEnvVarsInLog = 0;
		};
		365ADBBEDF55B0F69D049A04 /* [CP] Copy Pods Resources */ = {
			isa = PBXShellScriptBuildPhase;
			buildActionMask = 2147483647;
			files = (
			);
			inputPaths = (
			);
			name = "[CP] Copy Pods Resources";
			outputPaths = (
			);
			runOnlyForDeploymentPostprocessing = 0;
			shellPath = /bin/sh;
			shellScript = "\"${SRCROOT}/Pods/Target Support Files/Pods-HKDemo Extension/Pods-HKDemo Extension-resources.sh\"\n";
			showEnvVarsInLog = 0;
		};
		50629AE8D1956B2DC27F031A /* [CP] Check Pods Manifest.lock */ = {
			isa = PBXShellScriptBuildPhase;
			buildActionMask = 2147483647;
			files = (
			);
			inputPaths = (
				"${PODS_PODFILE_DIR_PATH}/Podfile.lock",
				"${PODS_ROOT}/Manifest.lock",
			);
			name = "[CP] Check Pods Manifest.lock";
			outputPaths = (
				"$(DERIVED_FILE_DIR)/Pods-HealthKitDemo-checkManifestLockResult.txt",
			);
			runOnlyForDeploymentPostprocessing = 0;
			shellPath = /bin/sh;
			shellScript = "diff \"${PODS_PODFILE_DIR_PATH}/Podfile.lock\" \"${PODS_ROOT}/Manifest.lock\" > /dev/null\nif [ $? != 0 ] ; then\n    # print error to STDERR\n    echo \"error: The sandbox is not in sync with the Podfile.lock. Run 'pod install' or update your CocoaPods installation.\" >&2\n    exit 1\nfi\n# This output is used by Xcode 'outputs' to avoid re-running this script phase.\necho \"SUCCESS\" > \"${SCRIPT_OUTPUT_FILE_0}\"\n";
			showEnvVarsInLog = 0;
		};
		59926D19BB896E7B83679B98 /* [CP] Copy Pods Resources */ = {
			isa = PBXShellScriptBuildPhase;
			buildActionMask = 2147483647;
			files = (
			);
			inputPaths = (
			);
			name = "[CP] Copy Pods Resources";
			outputPaths = (
			);
			runOnlyForDeploymentPostprocessing = 0;
			shellPath = /bin/sh;
			shellScript = "\"${SRCROOT}/Pods/Target Support Files/Pods-HealthKitDemo/Pods-HealthKitDemo-resources.sh\"\n";
			showEnvVarsInLog = 0;
		};
		6919B3693972F1E9EA6CBC2D /* [CP] Embed Pods Frameworks */ = {
			isa = PBXShellScriptBuildPhase;
			buildActionMask = 2147483647;
			files = (
			);
			inputPaths = (
				"${SRCROOT}/Pods/Target Support Files/Pods-HealthKitDemo/Pods-HealthKitDemo-frameworks.sh",
				"${BUILT_PRODUCTS_DIR}/BoringSSL/openssl.framework",
				"${BUILT_PRODUCTS_DIR}/GoogleToolboxForMac/GoogleToolboxForMac.framework",
				"${BUILT_PRODUCTS_DIR}/Protobuf/Protobuf.framework",
				"${BUILT_PRODUCTS_DIR}/gRPC/GRPCClient.framework",
				"${BUILT_PRODUCTS_DIR}/gRPC-Core/grpc.framework",
				"${BUILT_PRODUCTS_DIR}/gRPC-ProtoRPC/ProtoRPC.framework",
				"${BUILT_PRODUCTS_DIR}/gRPC-RxLibrary/RxLibrary.framework",
				"${BUILT_PRODUCTS_DIR}/leveldb-library/leveldb.framework",
				"${BUILT_PRODUCTS_DIR}/nanopb/nanopb.framework",
			);
			name = "[CP] Embed Pods Frameworks";
			outputPaths = (
				"${TARGET_BUILD_DIR}/${FRAMEWORKS_FOLDER_PATH}/openssl.framework",
				"${TARGET_BUILD_DIR}/${FRAMEWORKS_FOLDER_PATH}/GoogleToolboxForMac.framework",
				"${TARGET_BUILD_DIR}/${FRAMEWORKS_FOLDER_PATH}/Protobuf.framework",
				"${TARGET_BUILD_DIR}/${FRAMEWORKS_FOLDER_PATH}/GRPCClient.framework",
				"${TARGET_BUILD_DIR}/${FRAMEWORKS_FOLDER_PATH}/grpc.framework",
				"${TARGET_BUILD_DIR}/${FRAMEWORKS_FOLDER_PATH}/ProtoRPC.framework",
				"${TARGET_BUILD_DIR}/${FRAMEWORKS_FOLDER_PATH}/RxLibrary.framework",
				"${TARGET_BUILD_DIR}/${FRAMEWORKS_FOLDER_PATH}/leveldb.framework",
				"${TARGET_BUILD_DIR}/${FRAMEWORKS_FOLDER_PATH}/nanopb.framework",
			);
			runOnlyForDeploymentPostprocessing = 0;
			shellPath = /bin/sh;
			shellScript = "\"${SRCROOT}/Pods/Target Support Files/Pods-HealthKitDemo/Pods-HealthKitDemo-frameworks.sh\"\n";
			showEnvVarsInLog = 0;
		};
		876FCB1E6AB13F34D497B1CD /* [CP] Check Pods Manifest.lock */ = {
			isa = PBXShellScriptBuildPhase;
			buildActionMask = 2147483647;
			files = (
			);
			inputPaths = (
				"${PODS_PODFILE_DIR_PATH}/Podfile.lock",
				"${PODS_ROOT}/Manifest.lock",
			);
			name = "[CP] Check Pods Manifest.lock";
			outputPaths = (
				"$(DERIVED_FILE_DIR)/Pods-HKDemo-checkManifestLockResult.txt",
			);
			runOnlyForDeploymentPostprocessing = 0;
			shellPath = /bin/sh;
			shellScript = "diff \"${PODS_PODFILE_DIR_PATH}/Podfile.lock\" \"${PODS_ROOT}/Manifest.lock\" > /dev/null\nif [ $? != 0 ] ; then\n    # print error to STDERR\n    echo \"error: The sandbox is not in sync with the Podfile.lock. Run 'pod install' or update your CocoaPods installation.\" >&2\n    exit 1\nfi\n# This output is used by Xcode 'outputs' to avoid re-running this script phase.\necho \"SUCCESS\" > \"${SCRIPT_OUTPUT_FILE_0}\"\n";
			showEnvVarsInLog = 0;
		};
		8F1575089F1EF5030B930A12 /* [CP] Check Pods Manifest.lock */ = {
			isa = PBXShellScriptBuildPhase;
			buildActionMask = 2147483647;
			files = (
			);
			inputPaths = (
				"${PODS_PODFILE_DIR_PATH}/Podfile.lock",
				"${PODS_ROOT}/Manifest.lock",
			);
			name = "[CP] Check Pods Manifest.lock";
			outputPaths = (
				"$(DERIVED_FILE_DIR)/Pods-HKDemo Extension-checkManifestLockResult.txt",
			);
			runOnlyForDeploymentPostprocessing = 0;
			shellPath = /bin/sh;
			shellScript = "diff \"${PODS_PODFILE_DIR_PATH}/Podfile.lock\" \"${PODS_ROOT}/Manifest.lock\" > /dev/null\nif [ $? != 0 ] ; then\n    # print error to STDERR\n    echo \"error: The sandbox is not in sync with the Podfile.lock. Run 'pod install' or update your CocoaPods installation.\" >&2\n    exit 1\nfi\n# This output is used by Xcode 'outputs' to avoid re-running this script phase.\necho \"SUCCESS\" > \"${SCRIPT_OUTPUT_FILE_0}\"\n";
			showEnvVarsInLog = 0;
		};
		CB234C2C2E1F81F18181B1F2 /* [CP] Embed Pods Frameworks */ = {
			isa = PBXShellScriptBuildPhase;
			buildActionMask = 2147483647;
			files = (
			);
			inputPaths = (
			);
			name = "[CP] Embed Pods Frameworks";
			outputPaths = (
			);
			runOnlyForDeploymentPostprocessing = 0;
			shellPath = /bin/sh;
			shellScript = "\"${SRCROOT}/Pods/Target Support Files/Pods-HKDemo Extension/Pods-HKDemo Extension-frameworks.sh\"\n";
			showEnvVarsInLog = 0;
		};
/* End PBXShellScriptBuildPhase section */

/* Begin PBXSourcesBuildPhase section */
		46131A12208DEF1B005FB331 /* Sources */ = {
			isa = PBXSourcesBuildPhase;
			buildActionMask = 2147483647;
			files = (
				46153628208F3622005FA296 /* FirebaseManager.swift in Sources */,
				46131A1C208DEF1B005FB331 /* ViewController.swift in Sources */,
				46131A31208DF34E005FB331 /* HealthManager.swift in Sources */,
				46682CC9208F406800A4F11B /* ModelFile.swift in Sources */,
				46131A1A208DEF1B005FB331 /* AppDelegate.swift in Sources */,
			);
			runOnlyForDeploymentPostprocessing = 0;
		};
		46266A6E208E36B1005912ED /* Sources */ = {
			isa = PBXSourcesBuildPhase;
			buildActionMask = 2147483647;
			files = (
				46266A7C208E36B1005912ED /* NotificationController.swift in Sources */,
				46266A7A208E36B1005912ED /* ExtensionDelegate.swift in Sources */,
				46266A78208E36B1005912ED /* InterfaceController.swift in Sources */,
			);
			runOnlyForDeploymentPostprocessing = 0;
		};
/* End PBXSourcesBuildPhase section */

/* Begin PBXTargetDependency section */
		46266A75208E36B1005912ED /* PBXTargetDependency */ = {
			isa = PBXTargetDependency;
			target = 46266A71208E36B1005912ED /* HKDemo Extension */;
			targetProxy = 46266A74208E36B1005912ED /* PBXContainerItemProxy */;
		};
		46266A82208E36B2005912ED /* PBXTargetDependency */ = {
			isa = PBXTargetDependency;
			target = 46266A65208E36B0005912ED /* HKDemo */;
			targetProxy = 46266A81208E36B2005912ED /* PBXContainerItemProxy */;
		};
/* End PBXTargetDependency section */

/* Begin PBXVariantGroup section */
		46131A1D208DEF1B005FB331 /* Main.storyboard */ = {
			isa = PBXVariantGroup;
			children = (
				46131A1E208DEF1B005FB331 /* Base */,
			);
			name = Main.storyboard;
			sourceTree = "<group>";
		};
		46131A22208DEF1D005FB331 /* LaunchScreen.storyboard */ = {
			isa = PBXVariantGroup;
			children = (
				46131A23208DEF1D005FB331 /* Base */,
			);
			name = LaunchScreen.storyboard;
			sourceTree = "<group>";
		};
		46266A68208E36B0005912ED /* Interface.storyboard */ = {
			isa = PBXVariantGroup;
			children = (
				46266A69208E36B0005912ED /* Base */,
			);
			name = Interface.storyboard;
			sourceTree = "<group>";
		};
/* End PBXVariantGroup section */

/* Begin XCBuildConfiguration section */
		46131A26208DEF1D005FB331 /* Debug */ = {
			isa = XCBuildConfiguration;
			buildSettings = {
				ALWAYS_SEARCH_USER_PATHS = NO;
				CLANG_ANALYZER_NONNULL = YES;
				CLANG_ANALYZER_NUMBER_OBJECT_CONVERSION = YES_AGGRESSIVE;
				CLANG_CXX_LANGUAGE_STANDARD = "gnu++14";
				CLANG_CXX_LIBRARY = "libc++";
				CLANG_ENABLE_MODULES = YES;
				CLANG_ENABLE_OBJC_ARC = YES;
				CLANG_ENABLE_OBJC_WEAK = YES;
				CLANG_WARN_BLOCK_CAPTURE_AUTORELEASING = YES;
				CLANG_WARN_BOOL_CONVERSION = YES;
				CLANG_WARN_COMMA = YES;
				CLANG_WARN_CONSTANT_CONVERSION = YES;
				CLANG_WARN_DEPRECATED_OBJC_IMPLEMENTATIONS = YES;
				CLANG_WARN_DIRECT_OBJC_ISA_USAGE = YES_ERROR;
				CLANG_WARN_DOCUMENTATION_COMMENTS = YES;
				CLANG_WARN_EMPTY_BODY = YES;
				CLANG_WARN_ENUM_CONVERSION = YES;
				CLANG_WARN_INFINITE_RECURSION = YES;
				CLANG_WARN_INT_CONVERSION = YES;
				CLANG_WARN_NON_LITERAL_NULL_CONVERSION = YES;
				CLANG_WARN_OBJC_IMPLICIT_RETAIN_SELF = YES;
				CLANG_WARN_OBJC_LITERAL_CONVERSION = YES;
				CLANG_WARN_OBJC_ROOT_CLASS = YES_ERROR;
				CLANG_WARN_RANGE_LOOP_ANALYSIS = YES;
				CLANG_WARN_STRICT_PROTOTYPES = YES;
				CLANG_WARN_SUSPICIOUS_MOVE = YES;
				CLANG_WARN_UNGUARDED_AVAILABILITY = YES_AGGRESSIVE;
				CLANG_WARN_UNREACHABLE_CODE = YES;
				CLANG_WARN__DUPLICATE_METHOD_MATCH = YES;
				CODE_SIGN_IDENTITY = "iPhone Developer";
				COPY_PHASE_STRIP = NO;
				DEBUG_INFORMATION_FORMAT = dwarf;
				ENABLE_STRICT_OBJC_MSGSEND = YES;
				ENABLE_TESTABILITY = YES;
				GCC_C_LANGUAGE_STANDARD = gnu11;
				GCC_DYNAMIC_NO_PIC = NO;
				GCC_NO_COMMON_BLOCKS = YES;
				GCC_OPTIMIZATION_LEVEL = 0;
				GCC_PREPROCESSOR_DEFINITIONS = (
					"DEBUG=1",
					"$(inherited)",
				);
				GCC_WARN_64_TO_32_BIT_CONVERSION = YES;
				GCC_WARN_ABOUT_RETURN_TYPE = YES_ERROR;
				GCC_WARN_UNDECLARED_SELECTOR = YES;
				GCC_WARN_UNINITIALIZED_AUTOS = YES_AGGRESSIVE;
				GCC_WARN_UNUSED_FUNCTION = YES;
				GCC_WARN_UNUSED_VARIABLE = YES;
				IPHONEOS_DEPLOYMENT_TARGET = 11.3;
				MTL_ENABLE_DEBUG_INFO = YES;
				ONLY_ACTIVE_ARCH = YES;
				SDKROOT = iphoneos;
				SWIFT_ACTIVE_COMPILATION_CONDITIONS = DEBUG;
				SWIFT_OPTIMIZATION_LEVEL = "-Onone";
			};
			name = Debug;
		};
		46131A27208DEF1D005FB331 /* Release */ = {
			isa = XCBuildConfiguration;
			buildSettings = {
				ALWAYS_SEARCH_USER_PATHS = NO;
				CLANG_ANALYZER_NONNULL = YES;
				CLANG_ANALYZER_NUMBER_OBJECT_CONVERSION = YES_AGGRESSIVE;
				CLANG_CXX_LANGUAGE_STANDARD = "gnu++14";
				CLANG_CXX_LIBRARY = "libc++";
				CLANG_ENABLE_MODULES = YES;
				CLANG_ENABLE_OBJC_ARC = YES;
				CLANG_ENABLE_OBJC_WEAK = YES;
				CLANG_WARN_BLOCK_CAPTURE_AUTORELEASING = YES;
				CLANG_WARN_BOOL_CONVERSION = YES;
				CLANG_WARN_COMMA = YES;
				CLANG_WARN_CONSTANT_CONVERSION = YES;
				CLANG_WARN_DEPRECATED_OBJC_IMPLEMENTATIONS = YES;
				CLANG_WARN_DIRECT_OBJC_ISA_USAGE = YES_ERROR;
				CLANG_WARN_DOCUMENTATION_COMMENTS = YES;
				CLANG_WARN_EMPTY_BODY = YES;
				CLANG_WARN_ENUM_CONVERSION = YES;
				CLANG_WARN_INFINITE_RECURSION = YES;
				CLANG_WARN_INT_CONVERSION = YES;
				CLANG_WARN_NON_LITERAL_NULL_CONVERSION = YES;
				CLANG_WARN_OBJC_IMPLICIT_RETAIN_SELF = YES;
				CLANG_WARN_OBJC_LITERAL_CONVERSION = YES;
				CLANG_WARN_OBJC_ROOT_CLASS = YES_ERROR;
				CLANG_WARN_RANGE_LOOP_ANALYSIS = YES;
				CLANG_WARN_STRICT_PROTOTYPES = YES;
				CLANG_WARN_SUSPICIOUS_MOVE = YES;
				CLANG_WARN_UNGUARDED_AVAILABILITY = YES_AGGRESSIVE;
				CLANG_WARN_UNREACHABLE_CODE = YES;
				CLANG_WARN__DUPLICATE_METHOD_MATCH = YES;
				CODE_SIGN_IDENTITY = "iPhone Developer";
				COPY_PHASE_STRIP = NO;
				DEBUG_INFORMATION_FORMAT = "dwarf-with-dsym";
				ENABLE_NS_ASSERTIONS = NO;
				ENABLE_STRICT_OBJC_MSGSEND = YES;
				GCC_C_LANGUAGE_STANDARD = gnu11;
				GCC_NO_COMMON_BLOCKS = YES;
				GCC_WARN_64_TO_32_BIT_CONVERSION = YES;
				GCC_WARN_ABOUT_RETURN_TYPE = YES_ERROR;
				GCC_WARN_UNDECLARED_SELECTOR = YES;
				GCC_WARN_UNINITIALIZED_AUTOS = YES_AGGRESSIVE;
				GCC_WARN_UNUSED_FUNCTION = YES;
				GCC_WARN_UNUSED_VARIABLE = YES;
				IPHONEOS_DEPLOYMENT_TARGET = 11.3;
				MTL_ENABLE_DEBUG_INFO = NO;
				SDKROOT = iphoneos;
				SWIFT_OPTIMIZATION_LEVEL = "-Owholemodule";
				VALIDATE_PRODUCT = YES;
			};
			name = Release;
		};
		46131A29208DEF1D005FB331 /* Debug */ = {
			isa = XCBuildConfiguration;
			baseConfigurationReference = D17671894B16EAEE7ECE502C /* Pods-HealthKitDemo.debug.xcconfig */;
			buildSettings = {
				ASSETCATALOG_COMPILER_APPICON_NAME = AppIcon;
				CODE_SIGN_ENTITLEMENTS = HealthKitDemo/HealthKitDemo.entitlements;
				CODE_SIGN_STYLE = Automatic;
				DEVELOPMENT_TEAM = NY45473NT8;
				INFOPLIST_FILE = HealthKitDemo/Info.plist;
				LD_RUNPATH_SEARCH_PATHS = "$(inherited) @executable_path/Frameworks";
				PRODUCT_BUNDLE_IDENTIFIER = com.nickelfox.HealthKitDemo;
				PRODUCT_NAME = "$(TARGET_NAME)";
				SWIFT_VERSION = 4.0;
				TARGETED_DEVICE_FAMILY = "1,2";
			};
			name = Debug;
		};
		46131A2A208DEF1D005FB331 /* Release */ = {
			isa = XCBuildConfiguration;
			baseConfigurationReference = 5F1241D9F43D1F0C2B663FED /* Pods-HealthKitDemo.release.xcconfig */;
			buildSettings = {
				ASSETCATALOG_COMPILER_APPICON_NAME = AppIcon;
				CODE_SIGN_ENTITLEMENTS = HealthKitDemo/HealthKitDemo.entitlements;
				CODE_SIGN_STYLE = Automatic;
				DEVELOPMENT_TEAM = NY45473NT8;
				INFOPLIST_FILE = HealthKitDemo/Info.plist;
				LD_RUNPATH_SEARCH_PATHS = "$(inherited) @executable_path/Frameworks";
				PRODUCT_BUNDLE_IDENTIFIER = com.nickelfox.HealthKitDemo;
				PRODUCT_NAME = "$(TARGET_NAME)";
				SWIFT_VERSION = 4.0;
				TARGETED_DEVICE_FAMILY = "1,2";
			};
			name = Release;
		};
		46266A84208E36B2005912ED /* Debug */ = {
			isa = XCBuildConfiguration;
			baseConfigurationReference = BF49B97DED2D92F5C5958A15 /* Pods-HKDemo.debug.xcconfig */;
			buildSettings = {
				ALWAYS_EMBED_SWIFT_STANDARD_LIBRARIES = YES;
				ASSETCATALOG_COMPILER_APPICON_NAME = AppIcon;
				CODE_SIGN_STYLE = Automatic;
				DEVELOPMENT_TEAM = NY45473NT8;
				IBSC_MODULE = HKDemo_Extension;
				INFOPLIST_FILE = HKDemo/Info.plist;
				PRODUCT_BUNDLE_IDENTIFIER = com.nickelfox.HealthKitDemo.watchkitapp;
				PRODUCT_NAME = "$(TARGET_NAME)";
				SDKROOT = watchos;
				SKIP_INSTALL = YES;
				SWIFT_VERSION = 4.0;
				TARGETED_DEVICE_FAMILY = 4;
				WATCHOS_DEPLOYMENT_TARGET = 4.3;
			};
			name = Debug;
		};
		46266A85208E36B2005912ED /* Release */ = {
			isa = XCBuildConfiguration;
			baseConfigurationReference = 81CA09F430E3C7B2EC53C82F /* Pods-HKDemo.release.xcconfig */;
			buildSettings = {
				ALWAYS_EMBED_SWIFT_STANDARD_LIBRARIES = YES;
				ASSETCATALOG_COMPILER_APPICON_NAME = AppIcon;
				CODE_SIGN_STYLE = Automatic;
				DEVELOPMENT_TEAM = NY45473NT8;
				IBSC_MODULE = HKDemo_Extension;
				INFOPLIST_FILE = HKDemo/Info.plist;
				PRODUCT_BUNDLE_IDENTIFIER = com.nickelfox.HealthKitDemo.watchkitapp;
				PRODUCT_NAME = "$(TARGET_NAME)";
				SDKROOT = watchos;
				SKIP_INSTALL = YES;
				SWIFT_VERSION = 4.0;
				TARGETED_DEVICE_FAMILY = 4;
				WATCHOS_DEPLOYMENT_TARGET = 4.3;
			};
			name = Release;
		};
		46266A86208E36B2005912ED /* Debug */ = {
			isa = XCBuildConfiguration;
			baseConfigurationReference = 039E4AA505995445EA0FB111 /* Pods-HKDemo Extension.debug.xcconfig */;
			buildSettings = {
				ASSETCATALOG_COMPILER_COMPLICATION_NAME = Complication;
				CODE_SIGN_ENTITLEMENTS = "HKDemo Extension/HKDemo Extension.entitlements";
				CODE_SIGN_STYLE = Automatic;
				DEVELOPMENT_TEAM = NY45473NT8;
				INFOPLIST_FILE = "HKDemo Extension/Info.plist";
				LD_RUNPATH_SEARCH_PATHS = "$(inherited) @executable_path/Frameworks @executable_path/../../Frameworks";
				PRODUCT_BUNDLE_IDENTIFIER = com.nickelfox.HealthKitDemo.watchkitapp.watchkitextension;
				PRODUCT_NAME = "${TARGET_NAME}";
				SDKROOT = watchos;
				SKIP_INSTALL = YES;
				SWIFT_VERSION = 4.0;
				TARGETED_DEVICE_FAMILY = 4;
				WATCHOS_DEPLOYMENT_TARGET = 4.3;
			};
			name = Debug;
		};
		46266A87208E36B2005912ED /* Release */ = {
			isa = XCBuildConfiguration;
			baseConfigurationReference = 24221E0B74ABAACF922121C4 /* Pods-HKDemo Extension.release.xcconfig */;
			buildSettings = {
				ASSETCATALOG_COMPILER_COMPLICATION_NAME = Complication;
				CODE_SIGN_ENTITLEMENTS = "HKDemo Extension/HKDemo Extension.entitlements";
				CODE_SIGN_STYLE = Automatic;
				DEVELOPMENT_TEAM = NY45473NT8;
				INFOPLIST_FILE = "HKDemo Extension/Info.plist";
				LD_RUNPATH_SEARCH_PATHS = "$(inherited) @executable_path/Frameworks @executable_path/../../Frameworks";
				PRODUCT_BUNDLE_IDENTIFIER = com.nickelfox.HealthKitDemo.watchkitapp.watchkitextension;
				PRODUCT_NAME = "${TARGET_NAME}";
				SDKROOT = watchos;
				SKIP_INSTALL = YES;
				SWIFT_VERSION = 4.0;
				TARGETED_DEVICE_FAMILY = 4;
				WATCHOS_DEPLOYMENT_TARGET = 4.3;
			};
			name = Release;
		};
/* End XCBuildConfiguration section */

/* Begin XCConfigurationList section */
		46131A11208DEF1B005FB331 /* Build configuration list for PBXProject "HealthKitDemo" */ = {
			isa = XCConfigurationList;
			buildConfigurations = (
				46131A26208DEF1D005FB331 /* Debug */,
				46131A27208DEF1D005FB331 /* Release */,
			);
			defaultConfigurationIsVisible = 0;
			defaultConfigurationName = Release;
		};
		46131A28208DEF1D005FB331 /* Build configuration list for PBXNativeTarget "HealthKitDemo" */ = {
			isa = XCConfigurationList;
			buildConfigurations = (
				46131A29208DEF1D005FB331 /* Debug */,
				46131A2A208DEF1D005FB331 /* Release */,
			);
			defaultConfigurationIsVisible = 0;
			defaultConfigurationName = Release;
		};
		46266A88208E36B2005912ED /* Build configuration list for PBXNativeTarget "HKDemo Extension" */ = {
			isa = XCConfigurationList;
			buildConfigurations = (
				46266A86208E36B2005912ED /* Debug */,
				46266A87208E36B2005912ED /* Release */,
			);
			defaultConfigurationIsVisible = 0;
			defaultConfigurationName = Release;
		};
		46266A8A208E36B2005912ED /* Build configuration list for PBXNativeTarget "HKDemo" */ = {
			isa = XCConfigurationList;
			buildConfigurations = (
				46266A84208E36B2005912ED /* Debug */,
				46266A85208E36B2005912ED /* Release */,
			);
			defaultConfigurationIsVisible = 0;
			defaultConfigurationName = Release;
		};
/* End XCConfigurationList section */
	};
	rootObject = 46131A0E208DEF1B005FB331 /* Project object */;
}
